# This file is automatically @generated by Poetry 2.2.1 and should not be changed by hand.

[[package]]
name = "clickhouse-cityhash"
version = "1.0.2.5"
description = "Python-bindings for CityHash, a fast non-cryptographic hash algorithm"
optional = false
python-versions = "*"
groups = ["main"]
files = [
    {file = "clickhouse_cityhash-1.0.2.5-cp310-cp310-macosx_10_9_x86_64.whl", hash = "sha256:a4dfda8713f9e9e9378b488f7da2b29ec3300cb52c20c44e626adde36da6ec5f"},
    {file = "clickhouse_cityhash-1.0.2.5-cp310-cp310-macosx_11_0_arm64.whl", hash = "sha256:6faa7ecf68dffa978dbc9e55a924bc5dc2ccd2c06e7f32fbfc7672b428256868"},
    {file = "clickhouse_cityhash-1.0.2.5-cp310-cp310-manylinux1_x86_64.manylinux_2_28_x86_64.manylinux_2_5_x86_64.whl", hash = "sha256:682f5db7c34fd10eb75e4dc5f7319872f154a608f061293a35cf7531b99788be"},
    {file = "clickhouse_cityhash-1.0.2.5-cp310-cp310-manylinux2014_aarch64.manylinux_2_17_aarch64.manylinux_2_28_aarch64.whl", hash = "sha256:8878586add04983aac5e19f3c8baeb64d47b1079ebe8eb28382ece4737e7ccbc"},
    {file = "clickhouse_cityhash-1.0.2.5-cp310-cp310-manylinux2014_ppc64le.manylinux_2_17_ppc64le.manylinux_2_28_ppc64le.whl", hash = "sha256:a5346f2b8dfa7c46340391015b2965b2c308c602c2523db33b6658d24604cbd8"},
    {file = "clickhouse_cityhash-1.0.2.5-cp310-cp310-manylinux2014_s390x.manylinux_2_17_s390x.manylinux_2_28_s390x.whl", hash = "sha256:cc2ee9388dc93486d59f7571ff5d4cb2bd2d5efdf40fa05e8b34b5b39326fdc1"},
    {file = "clickhouse_cityhash-1.0.2.5-cp310-cp310-musllinux_1_2_aarch64.whl", hash = "sha256:fb585904db46aa2551339a11a08ba1c84e4b336252f2693205c62b5439f85484"},
    {file = "clickhouse_cityhash-1.0.2.5-cp310-cp310-musllinux_1_2_ppc64le.whl", hash = "sha256:0fbe2c19885f5e0479ef84948f2fbd5779fcf5c8ebc102313d1d30011591cdfd"},
    {file = "clickhouse_cityhash-1.0.2.5-cp310-cp310-musllinux_1_2_s390x.whl", hash = "sha256:97a8362116c6917af36c0690557bdd65e39bb1369be8c295ba6b15f88dc75f4f"},
    {file = "clickhouse_cityhash-1.0.2.5-cp310-cp310-musllinux_1_2_x86_64.whl", hash = "sha256:173560a28321b299a0417c3b81be01e0090d44c6b0a68b6882c7b8af93ab40c3"},
    {file = "clickhouse_cityhash-1.0.2.5-cp310-cp310-win32.whl", hash = "sha256:65de4fa0a28601bf2b54e905ab70e9e0502963da113f88aba3617f614e31baf9"},
    {file = "clickhouse_cityhash-1.0.2.5-cp310-cp310-win_amd64.whl", hash = "sha256:4da4f83b3c8d115b018fe0b4d4d1b6b8a2bb2de6a12759b136c20fddcad20865"},
    {file = "clickhouse_cityhash-1.0.2.5-cp311-cp311-macosx_10_9_x86_64.whl", hash = "sha256:307501cd97c8164bd277cdc062cfe09f79db5847716bb2c2b28d901fe5c43b8f"},
    {file = "clickhouse_cityhash-1.0.2.5-cp311-cp311-macosx_11_0_arm64.whl", hash = "sha256:1f7c307b7d0cedcb4b307dba66b5dd4551220969cecf002891b6e880bdc7f403"},
    {file = "clickhouse_cityhash-1.0.2.5-cp311-cp311-manylinux1_x86_64.manylinux_2_28_x86_64.manylinux_2_5_x86_64.whl", hash = "sha256:d35749df3aa977b139baffe80fa774ba9401d5fe0d09698b95a6c26447d986d0"},
    {file = "clickhouse_cityhash-1.0.2.5-cp311-cp311-manylinux2014_aarch64.manylinux_2_17_aarch64.manylinux_2_28_aarch64.whl", hash = "sha256:8d09994321183f999d29001a9a0ffbe4e3548dd034057ac752d420a298dd073a"},
    {file = "clickhouse_cityhash-1.0.2.5-cp311-cp311-manylinux2014_ppc64le.manylinux_2_17_ppc64le.manylinux_2_28_ppc64le.whl", hash = "sha256:0a419809fa02de58faf31be9d5da2c871cf957ca0ab132e6dcbee96ee2c6e301"},
    {file = "clickhouse_cityhash-1.0.2.5-cp311-cp311-manylinux2014_s390x.manylinux_2_17_s390x.manylinux_2_28_s390x.whl", hash = "sha256:c846b7f66a4ce71d5ecacb866f0d08d4259482c6dec57b33476799434968b239"},
    {file = "clickhouse_cityhash-1.0.2.5-cp311-cp311-musllinux_1_2_aarch64.whl", hash = "sha256:7b0696628acdfea200fd770cfa797631606bb35decb9efcc2e34367019862f74"},
    {file = "clickhouse_cityhash-1.0.2.5-cp311-cp311-musllinux_1_2_ppc64le.whl", hash = "sha256:a202ba6a3f28d2bbf32bafc92c9ac48eb882fcb1d5aaa4ec27d720a795360d92"},
    {file = "clickhouse_cityhash-1.0.2.5-cp311-cp311-musllinux_1_2_s390x.whl", hash = "sha256:90b4189b07cc6cd8c5d412819fa503958c7d615cc0f5ffaa524236955cd15c75"},
    {file = "clickhouse_cityhash-1.0.2.5-cp311-cp311-musllinux_1_2_x86_64.whl", hash = "sha256:10a48be0e8846078cb72537f140197ab5724129f4c4cbdfdbe68259d2e78ced1"},
    {file = "clickhouse_cityhash-1.0.2.5-cp311-cp311-win32.whl", hash = "sha256:76bc5057ebad9596f7208ed4660a6de5c7dc7a7457c793a768a4222607395b14"},
    {file = "clickhouse_cityhash-1.0.2.5-cp311-cp311-win_amd64.whl", hash = "sha256:9475832394e7cfe439f32cab804804ebcc0bf70ab25bb13a0847fd9b840abf48"},
    {file = "clickhouse_cityhash-1.0.2.5-cp312-cp312-macosx_10_13_x86_64.whl", hash = "sha256:f101d387f79f0bdc6b9f69eab348598c9ee545ebb3a648dd6d68635b3740fe25"},
    {file = "clickhouse_cityhash-1.0.2.5-cp312-cp312-macosx_11_0_arm64.whl", hash = "sha256:53c785a936924ebcc6eedc4f4226e8b33391f06bd6eabd6c27e63cab8d26e2bf"},
    {file = "clickhouse_cityhash-1.0.2.5-cp312-cp312-manylinux1_x86_64.manylinux_2_28_x86_64.manylinux_2_5_x86_64.whl", hash = "sha256:103107d8532fcf861bcf47401394db565584c3a34d7f816b1b4106f63afd86a3"},
    {file = "clickhouse_cityhash-1.0.2.5-cp312-cp312-manylinux2014_aarch64.manylinux_2_17_aarch64.manylinux_2_28_aarch64.whl", hash = "sha256:84f03029adcfa89ee5230cc9f085b7c36643d47003c5ab87ea9201ca3cebe33a"},
    {file = "clickhouse_cityhash-1.0.2.5-cp312-cp312-manylinux2014_ppc64le.manylinux_2_17_ppc64le.manylinux_2_28_ppc64le.whl", hash = "sha256:7566cf658b741b02f30effdf3c7e29952675c4d837321f71aa5bbcd2beb6a06d"},
    {file = "clickhouse_cityhash-1.0.2.5-cp312-cp312-manylinux2014_s390x.manylinux_2_17_s390x.manylinux_2_28_s390x.whl", hash = "sha256:0f455db2522ca1dbcc167fb99b7a23d78447e30949d220a46ff78a4e0a215f94"},
    {file = "clickhouse_cityhash-1.0.2.5-cp312-cp312-musllinux_1_2_aarch64.whl", hash = "sha256:8f9837015f4dd8f686fcfc3c15fb7202939aa1fa07254064e995357ea59e1b12"},
    {file = "clickhouse_cityhash-1.0.2.5-cp312-cp312-musllinux_1_2_ppc64le.whl", hash = "sha256:fecc71fae36d222de1ce4aa432c4dbb964910bbd6e12385774d45de745a1b33c"},
    {file = "clickhouse_cityhash-1.0.2.5-cp312-cp312-musllinux_1_2_s390x.whl", hash = "sha256:75b3ffe359bf89d9fda133cc2b664c6a5dc9f07fdc142c6ed99d7fd526718676"},
    {file = "clickhouse_cityhash-1.0.2.5-cp312-cp312-musllinux_1_2_x86_64.whl", hash = "sha256:e78f4c13e483c7797d7831f81e867b7da4a8b5720272c3f0473a3d4c9ffbee9b"},
    {file = "clickhouse_cityhash-1.0.2.5-cp312-cp312-win32.whl", hash = "sha256:0ca6220c94749ebbc0b922bac399bc75069e73ce835baf3e46ac037bc49c1352"},
    {file = "clickhouse_cityhash-1.0.2.5-cp312-cp312-win_amd64.whl", hash = "sha256:a6e82fd19151a460e88ca1fa63cc1fcd85c16caa92ab506f1d1641bd08aa2afd"},
    {file = "clickhouse_cityhash-1.0.2.5-cp313-cp313-macosx_10_13_x86_64.whl", hash = "sha256:cb6d0a4e0b84a1b2d000624e03e4790dbba0803896d55d4d221b265b5b6321d3"},
    {file = "clickhouse_cityhash-1.0.2.5-cp313-cp313-macosx_11_0_arm64.whl", hash = "sha256:a64df93f67b9aa88c8745d96fe4b865424c532f038139a7cf1b3857d9f156250"},
    {file = "clickhouse_cityhash-1.0.2.5-cp313-cp313-manylinux1_x86_64.manylinux_2_28_x86_64.manylinux_2_5_x86_64.whl", hash = "sha256:ff7abd6513a5cb18e7d3d212584bc7092e9680f9b82aa2e3e1b5535cac3f3043"},
    {file = "clickhouse_cityhash-1.0.2.5-cp313-cp313-manylinux2014_aarch64.manylinux_2_17_aarch64.manylinux_2_28_aarch64.whl", hash = "sha256:cc341da6270d4ab23a4b2055c3a127dd5955b20d15e6836aeed1948175f70e4b"},
    {file = "clickhouse_cityhash-1.0.2.5-cp313-cp313-manylinux2014_ppc64le.manylinux_2_17_ppc64le.manylinux_2_28_ppc64le.whl", hash = "sha256:ef075cac807898a2d2d286f482faf65b5d458e9ecf2bb8dd0d99d4c4f65550ee"},
    {file = "clickhouse_cityhash-1.0.2.5-cp313-cp313-manylinux2014_s390x.manylinux_2_17_s390x.manylinux_2_28_s390x.whl", hash = "sha256:0b52b39686a9a3cc994e95ae1b899498677ffb2b213fd22a3f7cbe8c26c69b2b"},
    {file = "clickhouse_cityhash-1.0.2.5-cp313-cp313-musllinux_1_2_aarch64.whl", hash = "sha256:3650eb24118a667a27012201ddaa8a1eb6982b645836e020b828fd1160b69bd9"},
    {file = "clickhouse_cityhash-1.0.2.5-cp313-cp313-musllinux_1_2_ppc64le.whl", hash = "sha256:13c8e99c91dd2e60d07b0b38db8b667d9c58a34c9b0e1c8ee36bd5b93e7ff515"},
    {file = "clickhouse_cityhash-1.0.2.5-cp313-cp313-musllinux_1_2_s390x.whl", hash = "sha256:ad6764a9ce7496e5767b26285c8ffd8b4e90a7b8e78a53256106ab287408ce85"},
    {file = "clickhouse_cityhash-1.0.2.5-cp313-cp313-musllinux_1_2_x86_64.whl", hash = "sha256:46538c10992033ef72224cbdd31d24c3b1bc1b86229691a5906819dfd6f1d789"},
    {file = "clickhouse_cityhash-1.0.2.5-cp313-cp313-win32.whl", hash = "sha256:d64a255850f641abd87ffe7087b92ee8b67681897d2475cb2c523f33f0d21370"},
    {file = "clickhouse_cityhash-1.0.2.5-cp313-cp313-win_amd64.whl", hash = "sha256:672d1e9db2dead8f6b17a32624f8e5b59f053364907b3beb7d607db507561303"},
    {file = "clickhouse_cityhash-1.0.2.5-cp314-cp314-macosx_10_15_x86_64.whl", hash = "sha256:0584ae6d40770bb552ffb34c0524892da30a836d25a7ea3b69ada9d69ef573d0"},
    {file = "clickhouse_cityhash-1.0.2.5-cp314-cp314-macosx_11_0_arm64.whl", hash = "sha256:1415615a6a06c22616fee6bf1e48f59beb09c8a8d588db2771e748a091e11c0d"},
    {file = "clickhouse_cityhash-1.0.2.5-cp314-cp314-manylinux1_x86_64.manylinux_2_28_x86_64.manylinux_2_5_x86_64.whl", hash = "sha256:734cf41533466c20a7ab4e828a504995440acee61da4dda08db67fd70a18e5b4"},
    {file = "clickhouse_cityhash-1.0.2.5-cp314-cp314-manylinux2014_aarch64.manylinux_2_17_aarch64.manylinux_2_28_aarch64.whl", hash = "sha256:891b915c64479a33c5ddedb9a725f34d04665498f24313d8c2b93edf522ad99a"},
    {file = "clickhouse_cityhash-1.0.2.5-cp314-cp314-manylinux2014_ppc64le.manylinux_2_17_ppc64le.manylinux_2_28_ppc64le.whl", hash = "sha256:e7240e0a0244d30e71c3d826e08cecf65b1de1a46483b1a230703bfa80536ff1"},
    {file = "clickhouse_cityhash-1.0.2.5-cp314-cp314-manylinux2014_s390x.manylinux_2_17_s390x.manylinux_2_28_s390x.whl", hash = "sha256:409aae70ab960558fba502cf129d677a003ff73504fabcbbe240fdaf427d6c5d"},
    {file = "clickhouse_cityhash-1.0.2.5-cp314-cp314-musllinux_1_2_aarch64.whl", hash = "sha256:136764fa9252f188f1271bc9de0627c6e6b3972d772e4613b07c204e0847e426"},
    {file = "clickhouse_cityhash-1.0.2.5-cp314-cp314-musllinux_1_2_ppc64le.whl", hash = "sha256:6b25ffeae56c00a0b9886679d15b649f8d8c71b7438ed47a0e21fc743ba7cf32"},
    {file = "clickhouse_cityhash-1.0.2.5-cp314-cp314-musllinux_1_2_s390x.whl", hash = "sha256:61d2ab76360e89c493282b37ca89d7e01854b65833f5ded855141fd879bf829e"},
    {file = "clickhouse_cityhash-1.0.2.5-cp314-cp314-musllinux_1_2_x86_64.whl", hash = "sha256:68a67934d6325082b859cd241a9026bb075d19ba0845b881c1d4af300dd8ae97"},
    {file = "clickhouse_cityhash-1.0.2.5-cp314-cp314-win32.whl", hash = "sha256:8aa14bd8cb4ae293f3e12c156a26b8b9a5c47546788a37cb06bd1e629a3f43c6"},
    {file = "clickhouse_cityhash-1.0.2.5-cp314-cp314-win_amd64.whl", hash = "sha256:55961ba5353c086e7781a0e0fb57361216444ad7c780e64ae1842bf2c1356ae8"},
    {file = "clickhouse_cityhash-1.0.2.5-cp39-cp39-macosx_10_9_x86_64.whl", hash = "sha256:610655b55e9b4214fb19e5687ab05f01525199c5c4faba4ea7d95af3eda90c0d"},
    {file = "clickhouse_cityhash-1.0.2.5-cp39-cp39-macosx_11_0_arm64.whl", hash = "sha256:0e677b81537b15bdd6aa17005aa380d1bc98b320d1080f3d163c5875745ffbcb"},
    {file = "clickhouse_cityhash-1.0.2.5-cp39-cp39-manylinux1_x86_64.manylinux_2_28_x86_64.manylinux_2_5_x86_64.whl", hash = "sha256:4bf835e3b730b4a17163b3f2742365397da7e5c6e4f1b8ffe3dd6952358f8ce1"},
    {file = "clickhouse_cityhash-1.0.2.5-cp39-cp39-manylinux2014_aarch64.manylinux_2_17_aarch64.manylinux_2_28_aarch64.whl", hash = "sha256:492db43f7bc312a1967e8e2408e5d5d55c78657b915fc61e3105240bead1e354"},
    {file = "clickhouse_cityhash-1.0.2.5-cp39-cp39-manylinux2014_ppc64le.manylinux_2_17_ppc64le.manylinux_2_28_ppc64le.whl", hash = "sha256:8fc5ca131f7fb12cbfbe25e53306bedc37421d9ca7d068e481d3b32369035b32"},
    {file = "clickhouse_cityhash-1.0.2.5-cp39-cp39-manylinux2014_s390x.manylinux_2_17_s390x.manylinux_2_28_s390x.whl", hash = "sha256:9a2bc211798039983a242c281897b50d5053c5ffd0f267e0b16258de95a7af2d"},
    {file = "clickhouse_cityhash-1.0.2.5-cp39-cp39-musllinux_1_2_aarch64.whl", hash = "sha256:1bdcd4f9f00b70dd7ed1ebb65fd10b6653d773573a91598127de08f68fea55c9"},
    {file = "clickhouse_cityhash-1.0.2.5-cp39-cp39-musllinux_1_2_ppc64le.whl", hash = "sha256:a77ae6f2e984dc0838d612b43c8e7bb9b13e145292ffc15dc8905704de978948"},
    {file = "clickhouse_cityhash-1.0.2.5-cp39-cp39-musllinux_1_2_s390x.whl", hash = "sha256:bfe6b5d9c8ace9a2a8303686005745e8dfefbb241caba9238c7e325c74f0c75d"},
    {file = "clickhouse_cityhash-1.0.2.5-cp39-cp39-musllinux_1_2_x86_64.whl", hash = "sha256:b61ad1a226386973ab92b9cc1faf1dafe64a00c670879dbdecdc5211cccc251b"},
    {file = "clickhouse_cityhash-1.0.2.5-cp39-cp39-win32.whl", hash = "sha256:62257affdaa925f09762ca70256ecf09c9bc360b0a6355ccc02768408f7685a9"},
    {file = "clickhouse_cityhash-1.0.2.5-cp39-cp39-win_amd64.whl", hash = "sha256:6158aac48f30b5d3dcae98c0c5c98d05db3bc652e3934601c4ea8eb4ec40cb0c"},
    {file = "clickhouse_cityhash-1.0.2.5-pp310-pypy310_pp73-macosx_10_15_x86_64.whl", hash = "sha256:6b5c297eaaa412eb9207024483e0f8c7ec6ab7488c400372d5a0c9b792e7a4b6"},
    {file = "clickhouse_cityhash-1.0.2.5-pp310-pypy310_pp73-macosx_11_0_arm64.whl", hash = "sha256:5c1234899558c7b2007ed4890984dc106ec2639dcd9ebce43e9696668b2590f7"},
    {file = "clickhouse_cityhash-1.0.2.5-pp310-pypy310_pp73-manylinux1_x86_64.manylinux_2_28_x86_64.manylinux_2_5_x86_64.whl", hash = "sha256:7569548ecc87e118a26bfaca165fb45b15c163dc3386fe6e1df1e06d82373ac7"},
    {file = "clickhouse_cityhash-1.0.2.5-pp310-pypy310_pp73-manylinux2014_aarch64.manylinux_2_17_aarch64.manylinux_2_28_aarch64.whl", hash = "sha256:f938a5a567255f2765cd8ddd7ec840991179666607e39da35629bcb8e012ffc2"},
    {file = "clickhouse_cityhash-1.0.2.5-pp310-pypy310_pp73-win_amd64.whl", hash = "sha256:eb063491e213b61aa1d6d958cbf4ae8e8e50be6291755e36da529717e84ab292"},
    {file = "clickhouse_cityhash-1.0.2.5-pp311-pypy311_pp73-macosx_10_15_x86_64.whl", hash = "sha256:4e347d65aa1dcf91476cad06ce5131ab5b497a075429974b32487374e80841de"},
    {file = "clickhouse_cityhash-1.0.2.5-pp311-pypy311_pp73-macosx_11_0_arm64.whl", hash = "sha256:1417157eabaf89a99ad00081c7eed164a3f26c92b53efa2a882be98d59faf2d4"},
    {file = "clickhouse_cityhash-1.0.2.5-pp311-pypy311_pp73-manylinux1_x86_64.manylinux_2_28_x86_64.manylinux_2_5_x86_64.whl", hash = "sha256:292986b4c3733637b55fd64ced313ceca517d60399e4d861645815099e8ec782"},
    {file = "clickhouse_cityhash-1.0.2.5-pp311-pypy311_pp73-manylinux2014_aarch64.manylinux_2_17_aarch64.manylinux_2_28_aarch64.whl", hash = "sha256:6bd2935788461988ea8bb6ef2a6d3adb93f3f8a0bd5114675b054544304cc853"},
    {file = "clickhouse_cityhash-1.0.2.5-pp311-pypy311_pp73-win_amd64.whl", hash = "sha256:182b35a1c287f9b021e428bafdac4b4cf1dc77cd126366efa4564723545ebc94"},
    {file = "clickhouse_cityhash-1.0.2.5-pp39-pypy39_pp73-macosx_10_15_x86_64.whl", hash = "sha256:908d41224c3bc861966bd11e3828fd11efe12c5e4bb7a31fb9cab7f6efc94a4d"},
    {file = "clickhouse_cityhash-1.0.2.5-pp39-pypy39_pp73-macosx_11_0_arm64.whl", hash = "sha256:9f1b213662bcd6b8df028eb73c0243a4ddc0a507585748f88e9deb4f916969c5"},
    {file = "clickhouse_cityhash-1.0.2.5-pp39-pypy39_pp73-manylinux1_x86_64.manylinux_2_28_x86_64.manylinux_2_5_x86_64.whl", hash = "sha256:7318e86bebd29b258d3e405ea95c61a26d0d7da5252ff83306d8b21ade0c2c64"},
    {file = "clickhouse_cityhash-1.0.2.5-pp39-pypy39_pp73-manylinux2014_aarch64.manylinux_2_17_aarch64.manylinux_2_28_aarch64.whl", hash = "sha256:50a77ace8cfc7af6fb741644bf666f51c1e9f4dd1e2c9fb9f7ea11e94833ec9a"},
    {file = "clickhouse_cityhash-1.0.2.5-pp39-pypy39_pp73-win_amd64.whl", hash = "sha256:fe06a0d2f1f5f428e5179b5a18839d9db9e2b373318dd7ba3c129c3606c952f9"},
    {file = "clickhouse_cityhash-1.0.2.5.tar.gz", hash = "sha256:4f98ef81b21f0d4dad58247bea40bafc098cf6ffa0ede699882d4a42eac3ed79"},
]

[[package]]
name = "clickhouse-driver"
version = "0.2.10"
description = "Python driver with native interface for ClickHouse"
optional = false
python-versions = "<4,>=3.9"
groups = ["main"]
files = [
    {file = "clickhouse_driver-0.2.10-cp310-cp310-macosx_10_9_x86_64.whl", hash = "sha256:1dc2b570b3c02baf1ba759f1db3cc5d49b4f968f32dd56710ca4f892700079c1"},
    {file = "clickhouse_driver-0.2.10-cp310-cp310-macosx_11_0_arm64.whl", hash = "sha256:5be143e33e330e856e65d40cdfdd38c0f215ba5140807aee5e923fd0c8cf04c8"},
    {file = "clickhouse_driver-0.2.10-cp310-cp310-manylinux2014_aarch64.manylinux_2_17_aarch64.manylinux_2_28_aarch64.whl", hash = "sha256:27397d41661b8aa29b304c70e06ba820c8158e8c6708beac4edb360aa56e7755"},
    {file = "clickhouse_driver-0.2.10-cp310-cp310-manylinux2014_ppc64le.manylinux_2_17_ppc64le.manylinux_2_28_ppc64le.whl", hash = "sha256:ca517354471a43e35852da6943c9a005f420e20e75c6444f8d640277d2eb026a"},
    {file = "clickhouse_driver-0.2.10-cp310-cp310-manylinux2014_s390x.manylinux_2_17_s390x.manylinux_2_28_s390x.whl", hash = "sha256:ea3a0c852f227d0217bf72f536b8056804c9fc932ea8a48845d68f68e473b242"},
    {file = "clickhouse_driver-0.2.10-cp310-cp310-manylinux2014_x86_64.manylinux_2_17_x86_64.manylinux_2_28_x86_64.whl", hash = "sha256:ea94c2f6d42263395d0d86ce21788c167009451044046b825ecffb6746803b67"},
    {file = "clickhouse_driver-0.2.10-cp310-cp310-musllinux_1_2_aarch64.whl", hash = "sha256:46aebe903aff48452ed64de81c6a218c37f9617c9a1ea1eb84ed4c410899c620"},
    {file = "clickhouse_driver-0.2.10-cp310-cp310-musllinux_1_2_ppc64le.whl", hash = "sha256:908b69d2f2c51cf0603a5464be51df5f0e3e670b75f1d17a3b51a4bb8481620a"},
    {file = "clickhouse_driver-0.2.10-cp310-cp310-musllinux_1_2_s390x.whl", hash = "sha256:4a61dac61cbed12789ad0bced043f6215e0253e0a41a2e8ee419d0be84f2acfb"},
    {file = "clickhouse_driver-0.2.10-cp310-cp310-musllinux_1_2_x86_64.whl", hash = "sha256:b97c257b90cc23a0ce64ecabc79ec627bbc51b5fb129607e79974139f62eb86e"},
    {file = "clickhouse_driver-0.2.10-cp310-cp310-win32.whl", hash = "sha256:deb2463626345e36bfa59747f2fcc016f963a4d46e949d1e0a570a9f4a0dabfc"},
    {file = "clickhouse_driver-0.2.10-cp310-cp310-win_amd64.whl", hash = "sha256:b1641dcef0af756e34e77d96761abbeacbe490e750ed048f35ca6e939b230067"},
    {file = "clickhouse_driver-0.2.10-cp311-cp311-macosx_10_9_x86_64.whl", hash = "sha256:946daf834f021d69acbebee7abde87bd4ad5aa46fa7b7643805abc7ff487a91f"},
    {file = "clickhouse_driver-0.2.10-cp311-cp311-macosx_11_0_arm64.whl", hash = "sha256:3572e74cd65828f72284bf607de259c059178b44b19a93cb67766b7e7458cf8e"},
    {file = "clickhouse_driver-0.2.10-cp311-cp311-manylinux2014_aarch64.manylinux_2_17_aarch64.manylinux_2_28_aarch64.whl", hash = "sha256:767af2b2d2e02fb7abd8fc9619f8aa2de65be010d3024029d68bc9b1be564466"},
    {file = "clickhouse_driver-0.2.10-cp311-cp311-manylinux2014_ppc64le.manylinux_2_17_ppc64le.manylinux_2_28_ppc64le.whl", hash = "sha256:b00005a89f0e40ec0bc313f7e131d958aa17e6af5c3260dbb5c7daf5370c5443"},
    {file = "clickhouse_driver-0.2.10-cp311-cp311-manylinux2014_s390x.manylinux_2_17_s390x.manylinux_2_28_s390x.whl", hash = "sha256:a62ad120dab6bcc68b6413b7ef0dbaef75ab5ca985d490a9e1ec13d93bf33dc3"},
    {file = "clickhouse_driver-0.2.10-cp311-cp311-manylinux2014_x86_64.manylinux_2_17_x86_64.manylinux_2_28_x86_64.whl", hash = "sha256:a9f65e71c99f0c8a64afa348977793967f897c4f731984ed54fed4eca8d375a0"},
    {file = "clickhouse_driver-0.2.10-cp311-cp311-musllinux_1_2_aarch64.whl", hash = "sha256:c120b182ea7e9713b119ba2b518dd75503c18f26cb001a6e436326765fddd123"},
    {file = "clickhouse_driver-0.2.10-cp311-cp311-musllinux_1_2_ppc64le.whl", hash = "sha256:d3da6f6d05f14780f3183f8b7b23ed9826d1e0f2f73c2471037d5335b474782e"},
    {file = "clickhouse_driver-0.2.10-cp311-cp311-musllinux_1_2_s390x.whl", hash = "sha256:9617c6ef154e58c6693be6e1169000957238f83d21fe20d57bb492412cc6128d"},
    {file = "clickhouse_driver-0.2.10-cp311-cp311-musllinux_1_2_x86_64.whl", hash = "sha256:b8c2dbee2083295c6d9789a10cb0c967c4e123e6315e3192e4ad935cd55967c3"},
    {file = "clickhouse_driver-0.2.10-cp311-cp311-win32.whl", hash = "sha256:293f47bd36a5b69ede39638ea8f7c1eb3fa7e55f35778a3feb9a3615749100c4"},
    {file = "clickhouse_driver-0.2.10-cp311-cp311-win_amd64.whl", hash = "sha256:c9aeebbb0c159173de37deef494b28a4423a767cd7c4b2d596556f7a072f90a6"},
    {file = "clickhouse_driver-0.2.10-cp312-cp312-macosx_10_13_x86_64.whl", hash = "sha256:1851f5f8b84ead0be6373ef001e8f09d48d45ec0628377e199a223e70417cd40"},
    {file = "clickhouse_driver-0.2.10-cp312-cp312-macosx_11_0_arm64.whl", hash = "sha256:188775d38ff7cb36e7045441aabf3a6a8751127d8b37b6eb1b1518494eaac5bd"},
    {file = "clickhouse_driver-0.2.10-cp312-cp312-manylinux2014_aarch64.manylinux_2_17_aarch64.manylinux_2_28_aarch64.whl", hash = "sha256:0ff5cba860df61845d6ae12f31d4a70ff4ae3be4e6a8a876e68af8aa4b0e45bc"},
    {file = "clickhouse_driver-0.2.10-cp312-cp312-manylinux2014_ppc64le.manylinux_2_17_ppc64le.manylinux_2_28_ppc64le.whl", hash = "sha256:fad865009d96de44d548f1691ed92adee971f72c001cf4466b3ba2ac7d9db47b"},
    {file = "clickhouse_driver-0.2.10-cp312-cp312-manylinux2014_s390x.manylinux_2_17_s390x.manylinux_2_28_s390x.whl", hash = "sha256:cf0fe791e7c2adc0ab41d4770953c00f8a88bdd7e3ee83bb849a661a6c93d4ef"},
    {file = "clickhouse_driver-0.2.10-cp312-cp312-manylinux2014_x86_64.manylinux_2_17_x86_64.manylinux_2_28_x86_64.whl", hash = "sha256:c5744daafdd0ff7520c6ae95a78211a0ff5c2cfb3513a20f5602d2bc7eed580d"},
    {file = "clickhouse_driver-0.2.10-cp312-cp312-musllinux_1_2_aarch64.whl", hash = "sha256:f02f6c9f71ae5c06e3b760d3d9f4f758b32acf6f71504b6d90bacca9abbfec18"},
    {file = "clickhouse_driver-0.2.10-cp312-cp312-musllinux_1_2_ppc64le.whl", hash = "sha256:6df571410f149e16e0a0e5529f1c2a9e41bb62b9357a3c8b0bd0647d6bb0fd1e"},
    {file = "clickhouse_driver-0.2.10-cp312-cp312-musllinux_1_2_s390x.whl", hash = "sha256:1e891162226a44fa169bdc996efd49b22bcf59372c35118ec5785e936fe97178"},
    {file = "clickhouse_driver-0.2.10-cp312-cp312-musllinux_1_2_x86_64.whl", hash = "sha256:3a261947ba0cf0034d044c30563ad151d1cf8156a5ff419b017c423b4235e0ac"},
    {file = "clickhouse_driver-0.2.10-cp312-cp312-win32.whl", hash = "sha256:d94f4db3c338ed41b28379931756852586920c5cbac1f07fcc8b7f109b3e69db"},
    {file = "clickhouse_driver-0.2.10-cp312-cp312-win_amd64.whl", hash = "sha256:3ce051f55bdb33396f76a77702936bfa973dfd98f7cf00a72817a1e01c9b7406"},
    {file = "clickhouse_driver-0.2.10-cp313-cp313-macosx_10_13_x86_64.whl", hash = "sha256:e76c1189a6273c79d906ee8274b9d3c7bf8df597ee6199cb75449ee2702deb8a"},
    {file = "clickhouse_driver-0.2.10-cp313-cp313-macosx_11_0_arm64.whl", hash = "sha256:8be64c77d58d4a33b3c957cdb7c5a4deeac56bf93f4188dbfb5c5454eb04c985"},
    {file = "clickhouse_driver-0.2.10-cp313-cp313-manylinux2014_aarch64.manylinux_2_17_aarch64.manylinux_2_28_aarch64.whl", hash = "sha256:23abafd0c883ccc1baea527c1d05a6bc0c59aae6c29ae65e1b84d498b265f8c0"},
    {file = "clickhouse_driver-0.2.10-cp313-cp313-manylinux2014_ppc64le.manylinux_2_17_ppc64le.manylinux_2_28_ppc64le.whl", hash = "sha256:77ffe2063469c637c5e57bf0713ca1b617b612d55a8392799f97e34c353e6908"},
    {file = "clickhouse_driver-0.2.10-cp313-cp313-manylinux2014_s390x.manylinux_2_17_s390x.manylinux_2_28_s390x.whl", hash = "sha256:df2d77779fcc1ddb68614b75bf45b8db61cf63f42a03d5624ce6922a305e609f"},
    {file = "clickhouse_driver-0.2.10-cp313-cp313-manylinux2014_x86_64.manylinux_2_17_x86_64.manylinux_2_28_x86_64.whl", hash = "sha256:85e46e31e4b14626571819e669341a3017376ce935d25b2cc0bfea9343b1b562"},
    {file = "clickhouse_driver-0.2.10-cp313-cp313-musllinux_1_2_aarch64.whl", hash = "sha256:d7435d1ff2bc577aeedf8f01d94b5777af382484f8973a9c5018d5afd0dd175c"},
    {file = "clickhouse_driver-0.2.10-cp313-cp313-musllinux_1_2_ppc64le.whl", hash = "sha256:b60c7e3321214eec4568811bcd953836671fa078c57f6607f236414447636de2"},
    {file = "clickhouse_driver-0.2.10-cp313-cp313-musllinux_1_2_s390x.whl", hash = "sha256:13fdf6571e20ac79992605ad65058296ac0f2437c1e7428a98dd6d173753119e"},
    {file = "clickhouse_driver-0.2.10-cp313-cp313-musllinux_1_2_x86_64.whl", hash = "sha256:06b6b683af086f9049d0c5e7e660fb76013439efa640e6c8ff6673622c3838fa"},
    {file = "clickhouse_driver-0.2.10-cp313-cp313-win32.whl", hash = "sha256:8fc51b0991dc9b89ea2379a0bc0995a9ed24428aad834f6af7841cc94488b82f"},
    {file = "clickhouse_driver-0.2.10-cp313-cp313-win_amd64.whl", hash = "sha256:fbfe244d2f06824e175492a54033d8282f0ec5644db8e7e3805f7a9d076f5fcf"},
    {file = "clickhouse_driver-0.2.10-cp314-cp314-macosx_10_15_x86_64.whl", hash = "sha256:19dd1de015d98dd1559d14ef05de2b6a0560c98b77ef160b3b99632a87fc8212"},
    {file = "clickhouse_driver-0.2.10-cp314-cp314-macosx_11_0_arm64.whl", hash = "sha256:b6f35a9ee7f7a8ce3483764c3bc2d23c8be1c5ce3aef537b1a3cebe59fdb0c4d"},
    {file = "clickhouse_driver-0.2.10-cp314-cp314-manylinux2014_aarch64.manylinux_2_17_aarch64.manylinux_2_28_aarch64.whl", hash = "sha256:888ab59b2cccda24680cfbaeb723fd8922c6148b9a43ad4cf067fef55959f19f"},
    {file = "clickhouse_driver-0.2.10-cp314-cp314-manylinux2014_ppc64le.manylinux_2_17_ppc64le.manylinux_2_28_ppc64le.whl", hash = "sha256:fbf5d692ee4df241e82d200a195dc2ddbe7fbf490ebd185fbd9da32478245399"},
    {file = "clickhouse_driver-0.2.10-cp314-cp314-manylinux2014_s390x.manylinux_2_17_s390x.manylinux_2_28_s390x.whl", hash = "sha256:2f1d42ffcdc5b77346403e7ac49639a48c2fb58767a3e55657bd40e36290e9f0"},
    {file = "clickhouse_driver-0.2.10-cp314-cp314-manylinux2014_x86_64.manylinux_2_17_x86_64.manylinux_2_28_x86_64.whl", hash = "sha256:74b36dfb79311bcf1ba6edde926908a46778a5e9db6302f126a799550f1fb807"},
    {file = "clickhouse_driver-0.2.10-cp314-cp314-musllinux_1_2_aarch64.whl", hash = "sha256:8c49d4b6619ce9237817185a41db6645f1557f7a77f2a822029ded1041179d55"},
    {file = "clickhouse_driver-0.2.10-cp314-cp314-musllinux_1_2_ppc64le.whl", hash = "sha256:503bbcbfedd65840489dadf3d0a2ac391888828b8f82579e6ec08efb1f362659"},
    {file = "clickhouse_driver-0.2.10-cp314-cp314-musllinux_1_2_s390x.whl", hash = "sha256:64aa403194bf4d3bdbecc2f8412ca85f4b9a35ed8dc228f23061a9889ce18dc4"},
    {file = "clickhouse_driver-0.2.10-cp314-cp314-musllinux_1_2_x86_64.whl", hash = "sha256:20b16b066760cfcc6a8a5342e91585a84ba22152f83421030edd3582b6e420e3"},
    {file = "clickhouse_driver-0.2.10-cp314-cp314-win32.whl", hash = "sha256:5ac6eed651dd6320a50338ff331fea93d20ed13dec27c7c7bfab71f8db3c76bb"},
    {file = "clickhouse_driver-0.2.10-cp314-cp314-win_amd64.whl", hash = "sha256:9f17746188833162e06e6af595e6a41c2ed09c7714b96860217c696fdb7689cf"},
    {file = "clickhouse_driver-0.2.10-cp38-cp38-macosx_10_9_x86_64.whl", hash = "sha256:5ed1cc3087eadafe0e2f6f7063c1e3f943838b9178baa6b59718a9f7a739e430"},
    {file = "clickhouse_driver-0.2.10-cp38-cp38-macosx_11_0_arm64.whl", hash = "sha256:570fd08d5972f2dea7e915837322db707dd1b69dea24c17c4c824d70d233bcbe"},
    {file = "clickhouse_driver-0.2.10-cp38-cp38-manylinux2014_aarch64.manylinux_2_17_aarch64.manylinux_2_28_aarch64.whl", hash = "sha256:10ac189db27d1bf27860a8809c8bb9ba0c275f7e95d9aa62a86b131fe5b2922e"},
    {file = "clickhouse_driver-0.2.10-cp38-cp38-manylinux2014_ppc64le.manylinux_2_17_ppc64le.manylinux_2_28_ppc64le.whl", hash = "sha256:4801b3cd3759abfd34c83689aebf65512cd7da5157bf995ddca45e1e95ee79e7"},
    {file = "clickhouse_driver-0.2.10-cp38-cp38-manylinux2014_s390x.manylinux_2_17_s390x.manylinux_2_28_s390x.whl", hash = "sha256:8953e40b91db1967b8ef90a4207a6bb6ab4da0cf8dd50e2f2ab04af7aa031bfb"},
    {file = "clickhouse_driver-0.2.10-cp38-cp38-manylinux2014_x86_64.manylinux_2_17_x86_64.manylinux_2_28_x86_64.whl", hash = "sha256:512cf77f964bce509ec1b48a90b0ea466ea1124f14fda189e934346e5c36b65f"},
    {file = "clickhouse_driver-0.2.10-cp38-cp38-musllinux_1_2_aarch64.whl", hash = "sha256:5348a2d45aa01aaf8caadfb6dc1b49fb4d4ae37642f08f1857e0da73d1ba3514"},
    {file = "clickhouse_driver-0.2.10-cp38-cp38-musllinux_1_2_ppc64le.whl", hash = "sha256:4db23cbc4b29180130b689eb6edeb55f52c0457f8ed7f327239313d8de8a0cb7"},
    {file = "clickhouse_driver-0.2.10-cp38-cp38-musllinux_1_2_s390x.whl", hash = "sha256:d3275a7059484d60e4e7c79da15a960c1924e8581ec51394455ac732f74976b6"},
    {file = "clickhouse_driver-0.2.10-cp38-cp38-musllinux_1_2_x86_64.whl", hash = "sha256:639299ab612fd5b321edc30dd09fc30221c86b87ca49b7da1b433d7b9243c761"},
    {file = "clickhouse_driver-0.2.10-cp38-cp38-win32.whl", hash = "sha256:7ad5f948a673e377b8eac4f7b4fc842199b01ca3d72577438a6dffe24da0c10d"},
    {file = "clickhouse_driver-0.2.10-cp38-cp38-win_amd64.whl", hash = "sha256:451edd25a1f46153e5550609479376d85c1cc58b652ce71f127c9332d4b318e2"},
    {file = "clickhouse_driver-0.2.10-cp39-cp39-macosx_10_9_x86_64.whl", hash = "sha256:46e63ea32b9a2dc7dbb51817b9e972d148fae967938a93458903ff8e143f2c84"},
    {file = "clickhouse_driver-0.2.10-cp39-cp39-macosx_11_0_arm64.whl", hash = "sha256:04ff1331e87c1191e8f4e3cf2a05277ebf38805f6ec75dccc2c9cf4ced20894e"},
    {file = "clickhouse_driver-0.2.10-cp39-cp39-manylinux2014_aarch64.manylinux_2_17_aarch64.manylinux_2_28_aarch64.whl", hash = "sha256:00c1a376c8a76d34b113a56961865ebbb8814047702ecf329e9c216608bca24b"},
    {file = "clickhouse_driver-0.2.10-cp39-cp39-manylinux2014_ppc64le.manylinux_2_17_ppc64le.manylinux_2_28_ppc64le.whl", hash = "sha256:7482b310aeff32614e9eb206ad84b1c9227b14a0e6c70265babb1c9211f2ecb6"},
    {file = "clickhouse_driver-0.2.10-cp39-cp39-manylinux2014_s390x.manylinux_2_17_s390x.manylinux_2_28_s390x.whl", hash = "sha256:ac0b7e65f1c8d4fa2608e80128677efd536f7a800246a2daaf021209d85aa9d2"},
    {file = "clickhouse_driver-0.2.10-cp39-cp39-manylinux2014_x86_64.manylinux_2_17_x86_64.manylinux_2_28_x86_64.whl", hash = "sha256:8803dbe931dfea9d52ac8eb992dcab5238b715c625804480e3b6132ab95058d4"},
    {file = "clickhouse_driver-0.2.10-cp39-cp39-musllinux_1_2_aarch64.whl", hash = "sha256:c9f18746a15860b1cc48b8254a87120f628337003b716988116e3acf342c3266"},
    {file = "clickhouse_driver-0.2.10-cp39-cp39-musllinux_1_2_ppc64le.whl", hash = "sha256:0f10d1f449a9b8b45d6227e3a2f43f3533496f5868dde898211d0f5592f22fb1"},
    {file = "clickhouse_driver-0.2.10-cp39-cp39-musllinux_1_2_s390x.whl", hash = "sha256:ff9256548d053d9b7237013ddf5f2f72042f21a85dad076aa4b6832a029382f5"},
    {file = "clickhouse_driver-0.2.10-cp39-cp39-musllinux_1_2_x86_64.whl", hash = "sha256:9f14d3c618dd4015a5b7c142fb0cf554d482212231bde0c98fb93b56865d91fc"},
    {file = "clickhouse_driver-0.2.10-cp39-cp39-win32.whl", hash = "sha256:bf421b4ebac316a4c26e01dff9cf49d93fdf788e48de763464538ec2f62781ef"},
    {file = "clickhouse_driver-0.2.10-cp39-cp39-win_amd64.whl", hash = "sha256:44b43b670a52031919f6cd401d4bb613b2858ea0838bbd78ab2c51ea107d2d7d"},
    {file = "clickhouse_driver-0.2.10-pp310-pypy310_pp73-macosx_10_15_x86_64.whl", hash = "sha256:190e284f97fb06c30d88b12402666c0ec2a81ea35ba2019cdbc7e284db8ae505"},
    {file = "clickhouse_driver-0.2.10-pp310-pypy310_pp73-manylinux2014_aarch64.manylinux_2_17_aarch64.manylinux_2_28_aarch64.whl", hash = "sha256:6d5b32d0824ecd348ba1f11d9df7d7e09134e11a5ca001e283cbe953bc9baf48"},
    {file = "clickhouse_driver-0.2.10-pp310-pypy310_pp73-manylinux2014_x86_64.manylinux_2_17_x86_64.manylinux_2_28_x86_64.whl", hash = "sha256:14d6fed705c798d10c2426634a4856fb36702b7dbb786e363edad710972e2b47"},
    {file = "clickhouse_driver-0.2.10-pp310-pypy310_pp73-win_amd64.whl", hash = "sha256:5b9c74b9895ad8a313154a274374d113efef08ddfb911af5f23bc6a881c4a0c4"},
    {file = "clickhouse_driver-0.2.10-pp311-pypy311_pp73-macosx_10_15_x86_64.whl", hash = "sha256:cb0bbad7b79ecb41f5f348528b6b0c46850d741669dd453f5fa633a8f3eff855"},
    {file = "clickhouse_driver-0.2.10-pp311-pypy311_pp73-manylinux2014_aarch64.manylinux_2_17_aarch64.manylinux_2_28_aarch64.whl", hash = "sha256:68e96e04282d126486b3820391a8ebf1d7c32b61e5fcbd701aeeda79017349e5"},
    {file = "clickhouse_driver-0.2.10-pp311-pypy311_pp73-manylinux2014_x86_64.manylinux_2_17_x86_64.manylinux_2_28_x86_64.whl", hash = "sha256:0fd9f72fcfe86e0fef0681cd124325714e92e96ad1fd675dfbeaccdfb7bd2f64"},
    {file = "clickhouse_driver-0.2.10-pp311-pypy311_pp73-win_amd64.whl", hash = "sha256:e24582110f3d532b35e106583981bea0b7a3b10167c8a890a7b6ea5c7c6ce6d6"},
    {file = "clickhouse_driver-0.2.10-pp39-pypy39_pp73-macosx_10_15_x86_64.whl", hash = "sha256:171dc1fa26ea61162f65fe9bf642883160a0f8894c2450d0c7097a1517a7d346"},
    {file = "clickhouse_driver-0.2.10-pp39-pypy39_pp73-manylinux2014_aarch64.manylinux_2_17_aarch64.manylinux_2_28_aarch64.whl", hash = "sha256:050ee9743d4884f0b3fd94b7a93cf32855be021c0fd1a4babf0573e7ec2d6120"},
    {file = "clickhouse_driver-0.2.10-pp39-pypy39_pp73-manylinux2014_x86_64.manylinux_2_17_x86_64.manylinux_2_28_x86_64.whl", hash = "sha256:1959a181f37c29ae07a98e3e999ea5961d0864c48856fb32fea3346695d4a3ba"},
    {file = "clickhouse_driver-0.2.10-pp39-pypy39_pp73-win_amd64.whl", hash = "sha256:cd3777d74787707d1b273f8491d38deff213dcf1d2669d9d91bf109cd0cd930d"},
    {file = "clickhouse_driver-0.2.10.tar.gz", hash = "sha256:925fc6ecda1e5314e3f03bcb493955c068b070cdba221fb8ce27329ee8a7f71b"},
]

[package.dependencies]
pytz = "*"
tzlocal = "*"

[package.extras]
lz4 = ["clickhouse-cityhash (>=1.0.2.1)", "lz4 (<=3.0.1) ; implementation_name == \"pypy\"", "lz4 ; implementation_name != \"pypy\""]
numpy = ["numpy (>=1.12.0)", "pandas (>=0.24.0)"]
zstd = ["clickhouse-cityhash (>=1.0.2.1)", "zstd"]

[[package]]
name = "colorama"
version = "0.4.6"
description = "Cross-platform colored terminal text."
optional = false
python-versions = "!=3.0.*,!=3.1.*,!=3.2.*,!=3.3.*,!=3.4.*,!=3.5.*,!=3.6.*,>=2.7"
groups = ["main"]
markers = "sys_platform == \"win32\""
files = [
    {file = "colorama-0.4.6-py2.py3-none-any.whl", hash = "sha256:4f1d9991f5acc0ca119f9d443620b77f9d6b33703e51011c16baf57afb285fc6"},
    {file = "colorama-0.4.6.tar.gz", hash = "sha256:08695f5cb7ed6e0531a20572697297273c47b8cae5a63ffc6d6ed5c201be6e44"},
]

[[package]]
name = "dotenv"
version = "0.9.9"
description = "Deprecated package"
optional = false
python-versions = "*"
groups = ["main"]
files = [
    {file = "dotenv-0.9.9-py2.py3-none-any.whl", hash = "sha256:29cf74a087b31dafdb5a446b6d7e11cbce8ed2741540e2339c69fbef92c94ce9"},
]

[package.dependencies]
python-dotenv = "*"

[[package]]
name = "loadenv"
version = "0.1.1"
description = "Automatically load environment variables into structured Python data"
optional = false
python-versions = ">=3.6"
groups = ["main"]
files = [
    {file = "loadenv-0.1.1-py3-none-any.whl", hash = "sha256:e06a1d86ea1ad89a96aeb470d27de8d569a980ad7c6fd0dd0ee416cc11919853"},
    {file = "loadenv-0.1.1.tar.gz", hash = "sha256:8dde4a80cf733323880c118659685d822f9d1311fa15b3d7e1e2aa28223aba29"},
]

[package.extras]
test = ["tox"]

[[package]]
name = "loguru"
version = "0.7.3"
description = "Python logging made (stupidly) simple"
optional = false
python-versions = "<4.0,>=3.5"
groups = ["main"]
files = [
    {file = "loguru-0.7.3-py3-none-any.whl", hash = "sha256:31a33c10c8e1e10422bfd431aeb5d351c7cf7fa671e3c4df004162264b28220c"},
    {file = "loguru-0.7.3.tar.gz", hash = "sha256:19480589e77d47b8d85b2c827ad95d49bf31b0dcde16593892eb51dd18706eb6"},
]

[package.dependencies]
colorama = {version = ">=0.3.4", markers = "sys_platform == \"win32\""}
win32-setctime = {version = ">=1.0.0", markers = "sys_platform == \"win32\""}

[package.extras]
dev = ["Sphinx (==8.1.3) ; python_version >= \"3.11\"", "build (==1.2.2) ; python_version >= \"3.11\"", "colorama (==0.4.5) ; python_version < \"3.8\"", "colorama (==0.4.6) ; python_version >= \"3.8\"", "exceptiongroup (==1.1.3) ; python_version >= \"3.7\" and python_version < \"3.11\"", "freezegun (==1.1.0) ; python_version < \"3.8\"", "freezegun (==1.5.0) ; python_version >= \"3.8\"", "mypy (==v0.910) ; python_version < \"3.6\"", "mypy (==v0.971) ; python_version == \"3.6\"", "mypy (==v1.13.0) ; python_version >= \"3.8\"", "mypy (==v1.4.1) ; python_version == \"3.7\"", "myst-parser (==4.0.0) ; python_version >= \"3.11\"", "pre-commit (==4.0.1) ; python_version >= \"3.9\"", "pytest (==6.1.2) ; python_version < \"3.8\"", "pytest (==8.3.2) ; python_version >= \"3.8\"", "pytest-cov (==2.12.1) ; python_version < \"3.8\"", "pytest-cov (==5.0.0) ; python_version == \"3.8\"", "pytest-cov (==6.0.0) ; python_version >= \"3.9\"", "pytest-mypy-plugins (==1.9.3) ; python_version >= \"3.6\" and python_version < \"3.8\"", "pytest-mypy-plugins (==3.1.0) ; python_version >= \"3.8\"", "sphinx-rtd-theme (==3.0.2) ; python_version >= \"3.11\"", "tox (==3.27.1) ; python_version < \"3.8\"", "tox (==4.23.2) ; python_version >= \"3.8\"", "twine (==6.0.1) ; python_version >= \"3.11\""]

[[package]]
name = "lz4"
version = "4.4.5"
description = "LZ4 Bindings for Python"
optional = false
python-versions = ">=3.9"
groups = ["main"]
files = [
    {file = "lz4-4.4.5-cp310-cp310-macosx_10_9_x86_64.whl", hash = "sha256:d221fa421b389ab2345640a508db57da36947a437dfe31aeddb8d5c7b646c22d"},
    {file = "lz4-4.4.5-cp310-cp310-macosx_11_0_arm64.whl", hash = "sha256:7dc1e1e2dbd872f8fae529acd5e4839efd0b141eaa8ae7ce835a9fe80fbad89f"},
    {file = "lz4-4.4.5-cp310-cp310-manylinux1_i686.manylinux_2_28_i686.manylinux_2_5_i686.whl", hash = "sha256:e928ec2d84dc8d13285b4a9288fd6246c5cde4f5f935b479f50d986911f085e3"},
    {file = "lz4-4.4.5-cp310-cp310-manylinux2014_aarch64.manylinux_2_17_aarch64.manylinux_2_28_aarch64.whl", hash = "sha256:daffa4807ef54b927451208f5f85750c545a4abbff03d740835fc444cd97f758"},
    {file = "lz4-4.4.5-cp310-cp310-manylinux2014_x86_64.manylinux_2_17_x86_64.manylinux_2_28_x86_64.whl", hash = "sha256:2a2b7504d2dffed3fd19d4085fe1cc30cf221263fd01030819bdd8d2bb101cf1"},
    {file = "lz4-4.4.5-cp310-cp310-win32.whl", hash = "sha256:0846e6e78f374156ccf21c631de80967e03cc3c01c373c665789dc0c5431e7fc"},
    {file = "lz4-4.4.5-cp310-cp310-win_amd64.whl", hash = "sha256:7c4e7c44b6a31de77d4dc9772b7d2561937c9588a734681f70ec547cfbc51ecd"},
    {file = "lz4-4.4.5-cp310-cp310-win_arm64.whl", hash = "sha256:15551280f5656d2206b9b43262799c89b25a25460416ec554075a8dc568e4397"},
    {file = "lz4-4.4.5-cp311-cp311-macosx_10_9_x86_64.whl", hash = "sha256:d6da84a26b3aa5da13a62e4b89ab36a396e9327de8cd48b436a3467077f8ccd4"},
    {file = "lz4-4.4.5-cp311-cp311-macosx_11_0_arm64.whl", hash = "sha256:61d0ee03e6c616f4a8b69987d03d514e8896c8b1b7cc7598ad029e5c6aedfd43"},
    {file = "lz4-4.4.5-cp311-cp311-manylinux1_i686.manylinux_2_28_i686.manylinux_2_5_i686.whl", hash = "sha256:33dd86cea8375d8e5dd001e41f321d0a4b1eb7985f39be1b6a4f466cd480b8a7"},
    {file = "lz4-4.4.5-cp311-cp311-manylinux2014_aarch64.manylinux_2_17_aarch64.manylinux_2_28_aarch64.whl", hash = "sha256:609a69c68e7cfcfa9d894dc06be13f2e00761485b62df4e2472f1b66f7b405fb"},
    {file = "lz4-4.4.5-cp311-cp311-manylinux2014_x86_64.manylinux_2_17_x86_64.manylinux_2_28_x86_64.whl", hash = "sha256:75419bb1a559af00250b8f1360d508444e80ed4b26d9d40ec5b09fe7875cb989"},
    {file = "lz4-4.4.5-cp311-cp311-win32.whl", hash = "sha256:12233624f1bc2cebc414f9efb3113a03e89acce3ab6f72035577bc61b270d24d"},
    {file = "lz4-4.4.5-cp311-cp311-win_amd64.whl", hash = "sha256:8a842ead8ca7c0ee2f396ca5d878c4c40439a527ebad2b996b0444f0074ed004"},
    {file = "lz4-4.4.5-cp311-cp311-win_arm64.whl", hash = "sha256:83bc23ef65b6ae44f3287c38cbf82c269e2e96a26e560aa551735883388dcc4b"},
    {file = "lz4-4.4.5-cp312-cp312-macosx_10_13_x86_64.whl", hash = "sha256:df5aa4cead2044bab83e0ebae56e0944cc7fcc1505c7787e9e1057d6d549897e"},
    {file = "lz4-4.4.5-cp312-cp312-macosx_11_0_arm64.whl", hash = "sha256:6d0bf51e7745484d2092b3a51ae6eb58c3bd3ce0300cf2b2c14f76c536d5697a"},
    {file = "lz4-4.4.5-cp312-cp312-manylinux1_i686.manylinux_2_28_i686.manylinux_2_5_i686.whl", hash = "sha256:7b62f94b523c251cf32aa4ab555f14d39bd1a9df385b72443fd76d7c7fb051f5"},
    {file = "lz4-4.4.5-cp312-cp312-manylinux2014_aarch64.manylinux_2_17_aarch64.manylinux_2_28_aarch64.whl", hash = "sha256:2c3ea562c3af274264444819ae9b14dbbf1ab070aff214a05e97db6896c7597e"},
    {file = "lz4-4.4.5-cp312-cp312-manylinux2014_x86_64.manylinux_2_17_x86_64.manylinux_2_28_x86_64.whl", hash = "sha256:24092635f47538b392c4eaeff14c7270d2c8e806bf4be2a6446a378591c5e69e"},
    {file = "lz4-4.4.5-cp312-cp312-win32.whl", hash = "sha256:214e37cfe270948ea7eb777229e211c601a3e0875541c1035ab408fbceaddf50"},
    {file = "lz4-4.4.5-cp312-cp312-win_amd64.whl", hash = "sha256:713a777de88a73425cf08eb11f742cd2c98628e79a8673d6a52e3c5f0c116f33"},
    {file = "lz4-4.4.5-cp312-cp312-win_arm64.whl", hash = "sha256:a88cbb729cc333334ccfb52f070463c21560fca63afcf636a9f160a55fac3301"},
    {file = "lz4-4.4.5-cp313-cp313-macosx_10_13_x86_64.whl", hash = "sha256:6bb05416444fafea170b07181bc70640975ecc2a8c92b3b658c554119519716c"},
    {file = "lz4-4.4.5-cp313-cp313-macosx_11_0_arm64.whl", hash = "sha256:b424df1076e40d4e884cfcc4c77d815368b7fb9ebcd7e634f937725cd9a8a72a"},
    {file = "lz4-4.4.5-cp313-cp313-manylinux1_i686.manylinux_2_28_i686.manylinux_2_5_i686.whl", hash = "sha256:216ca0c6c90719731c64f41cfbd6f27a736d7e50a10b70fad2a9c9b262ec923d"},
    {file = "lz4-4.4.5-cp313-cp313-manylinux2014_aarch64.manylinux_2_17_aarch64.manylinux_2_28_aarch64.whl", hash = "sha256:533298d208b58b651662dd972f52d807d48915176e5b032fb4f8c3b6f5fe535c"},
    {file = "lz4-4.4.5-cp313-cp313-manylinux2014_x86_64.manylinux_2_17_x86_64.manylinux_2_28_x86_64.whl", hash = "sha256:451039b609b9a88a934800b5fc6ee401c89ad9c175abf2f4d9f8b2e4ef1afc64"},
    {file = "lz4-4.4.5-cp313-cp313-win32.whl", hash = "sha256:a5f197ffa6fc0e93207b0af71b302e0a2f6f29982e5de0fbda61606dd3a55832"},
    {file = "lz4-4.4.5-cp313-cp313-win_amd64.whl", hash = "sha256:da68497f78953017deb20edff0dba95641cc86e7423dfadf7c0264e1ac60dc22"},
    {file = "lz4-4.4.5-cp313-cp313-win_arm64.whl", hash = "sha256:c1cfa663468a189dab510ab231aad030970593f997746d7a324d40104db0d0a9"},
    {file = "lz4-4.4.5-cp313-cp313t-macosx_10_13_x86_64.whl", hash = "sha256:67531da3b62f49c939e09d56492baf397175ff39926d0bd5bd2d191ac2bff95f"},
    {file = "lz4-4.4.5-cp313-cp313t-macosx_11_0_arm64.whl", hash = "sha256:a1acbbba9edbcbb982bc2cac5e7108f0f553aebac1040fbec67a011a45afa1ba"},
    {file = "lz4-4.4.5-cp313-cp313t-manylinux1_i686.manylinux_2_28_i686.manylinux_2_5_i686.whl", hash = "sha256:a482eecc0b7829c89b498fda883dbd50e98153a116de612ee7c111c8bcf82d1d"},
    {file = "lz4-4.4.5-cp313-cp313t-manylinux2014_aarch64.manylinux_2_17_aarch64.manylinux_2_28_aarch64.whl", hash = "sha256:e099ddfaa88f59dd8d36c8a3c66bd982b4984edf127eb18e30bb49bdba68ce67"},
    {file = "lz4-4.4.5-cp313-cp313t-manylinux2014_x86_64.manylinux_2_17_x86_64.manylinux_2_28_x86_64.whl", hash = "sha256:a2af2897333b421360fdcce895c6f6281dc3fab018d19d341cf64d043fc8d90d"},
    {file = "lz4-4.4.5-cp313-cp313t-win32.whl", hash = "sha256:66c5de72bf4988e1b284ebdd6524c4bead2c507a2d7f172201572bac6f593901"},
    {file = "lz4-4.4.5-cp313-cp313t-win_amd64.whl", hash = "sha256:cdd4bdcbaf35056086d910d219106f6a04e1ab0daa40ec0eeef1626c27d0fddb"},
    {file = "lz4-4.4.5-cp313-cp313t-win_arm64.whl", hash = "sha256:28ccaeb7c5222454cd5f60fcd152564205bcb801bd80e125949d2dfbadc76bbd"},
    {file = "lz4-4.4.5-cp314-cp314-macosx_10_15_x86_64.whl", hash = "sha256:c216b6d5275fc060c6280936bb3bb0e0be6126afb08abccde27eed23dead135f"},
    {file = "lz4-4.4.5-cp314-cp314-macosx_11_0_arm64.whl", hash = "sha256:c8e71b14938082ebaf78144f3b3917ac715f72d14c076f384a4c062df96f9df6"},
    {file = "lz4-4.4.5-cp314-cp314-manylinux1_i686.manylinux_2_28_i686.manylinux_2_5_i686.whl", hash = "sha256:9b5e6abca8df9f9bdc5c3085f33ff32cdc86ed04c65e0355506d46a5ac19b6e9"},
    {file = "lz4-4.4.5-cp314-cp314-manylinux2014_aarch64.manylinux_2_17_aarch64.manylinux_2_28_aarch64.whl", hash = "sha256:3b84a42da86e8ad8537aabef062e7f661f4a877d1c74d65606c49d835d36d668"},
    {file = "lz4-4.4.5-cp314-cp314-manylinux2014_x86_64.manylinux_2_17_x86_64.manylinux_2_28_x86_64.whl", hash = "sha256:0bba042ec5a61fa77c7e380351a61cb768277801240249841defd2ff0a10742f"},
    {file = "lz4-4.4.5-cp314-cp314-win32.whl", hash = "sha256:bd85d118316b53ed73956435bee1997bd06cc66dd2fa74073e3b1322bd520a67"},
    {file = "lz4-4.4.5-cp314-cp314-win_amd64.whl", hash = "sha256:92159782a4502858a21e0079d77cdcaade23e8a5d252ddf46b0652604300d7be"},
    {file = "lz4-4.4.5-cp314-cp314-win_arm64.whl", hash = "sha256:d994b87abaa7a88ceb7a37c90f547b8284ff9da694e6afcfaa8568d739faf3f7"},
    {file = "lz4-4.4.5-cp39-cp39-macosx_10_9_x86_64.whl", hash = "sha256:f6538aaaedd091d6e5abdaa19b99e6e82697d67518f114721b5248709b639fad"},
    {file = "lz4-4.4.5-cp39-cp39-macosx_11_0_arm64.whl", hash = "sha256:13254bd78fef50105872989a2dc3418ff09aefc7d0765528adc21646a7288294"},
    {file = "lz4-4.4.5-cp39-cp39-manylinux1_i686.manylinux_2_28_i686.manylinux_2_5_i686.whl", hash = "sha256:e64e61f29cf95afb43549063d8433b46352baf0c8a70aa45e2585618fcf59d86"},
    {file = "lz4-4.4.5-cp39-cp39-manylinux2014_aarch64.manylinux_2_17_aarch64.manylinux_2_28_aarch64.whl", hash = "sha256:ff1b50aeeec64df5603f17984e4b5be6166058dcf8f1e26a3da40d7a0f6ab547"},
    {file = "lz4-4.4.5-cp39-cp39-manylinux2014_x86_64.manylinux_2_17_x86_64.manylinux_2_28_x86_64.whl", hash = "sha256:1dd4d91d25937c2441b9fc0f4af01704a2d09f30a38c5798bc1d1b5a15ec9581"},
    {file = "lz4-4.4.5-cp39-cp39-win32.whl", hash = "sha256:d64141085864918392c3159cdad15b102a620a67975c786777874e1e90ef15ce"},
    {file = "lz4-4.4.5-cp39-cp39-win_amd64.whl", hash = "sha256:f32b9e65d70f3684532358255dc053f143835c5f5991e28a5ac4c93ce94b9ea7"},
    {file = "lz4-4.4.5-cp39-cp39-win_arm64.whl", hash = "sha256:f9b8bde9909a010c75b3aea58ec3910393b758f3c219beed67063693df854db0"},
    {file = "lz4-4.4.5.tar.gz", hash = "sha256:5f0b9e53c1e82e88c10d7c180069363980136b9d7a8306c4dca4f760d60c39f0"},
]

[package.extras]
docs = ["sphinx (>=1.6.0)", "sphinx_bootstrap_theme"]
flake8 = ["flake8"]
tests = ["psutil", "pytest (!=3.3.0)", "pytest-cov"]

[[package]]
name = "python-dotenv"
version = "1.2.2"
description = "Read key-value pairs from a .env file and set them as environment variables"
optional = false
python-versions = ">=3.10"
groups = ["main"]
files = [
    {file = "python_dotenv-1.2.2-py3-none-any.whl", hash = "sha256:1d8214789a24de455a8b8bd8ae6fe3c6b69a5e3d64aa8a8e5d68e694bbcb285a"},
    {file = "python_dotenv-1.2.2.tar.gz", hash = "sha256:2c371a91fbd7ba082c2c1dc1f8bf89ca22564a087c2c287cd9b662adde799cf3"},
]

[package.extras]
cli = ["click (>=5.0)"]

[[package]]
name = "pytz"
version = "2026.1.post1"
description = "World timezone definitions, modern and historical"
optional = false
python-versions = "*"
groups = ["main"]
files = [
    {file = "pytz-2026.1.post1-py2.py3-none-any.whl", hash = "sha256:f2fd16142fda348286a75e1a524be810bb05d444e5a081f37f7affc635035f7a"},
    {file = "pytz-2026.1.post1.tar.gz", hash = "sha256:3378dde6a0c3d26719182142c56e60c7f9af7e968076f31aae569d72a0358ee1"},
]

[[package]]
name = "tzdata"
version = "2025.3"
description = "Provider of IANA time zone data"
optional = false
python-versions = ">=2"
groups = ["main"]
markers = "platform_system == \"Windows\""
files = [
    {file = "tzdata-2025.3-py2.py3-none-any.whl", hash = "sha256:06a47e5700f3081aab02b2e513160914ff0694bce9947d6b76ebd6bf57cfc5d1"},
    {file = "tzdata-2025.3.tar.gz", hash = "sha256:de39c2ca5dc7b0344f2eba86f49d614019d29f060fc4ebc8a417896a620b56a7"},
]

[[package]]
name = "tzlocal"
version = "5.3.1"
description = "tzinfo object for the local timezone"
optional = false
python-versions = ">=3.9"
groups = ["main"]
files = [
    {file = "tzlocal-5.3.1-py3-none-any.whl", hash = "sha256:eb1a66c3ef5847adf7a834f1be0800581b683b5608e74f86ecbcef8ab91bb85d"},
    {file = "tzlocal-5.3.1.tar.gz", hash = "sha256:cceffc7edecefea1f595541dbd6e990cb1ea3d19bf01b2809f362a03dd7921fd"},
]

[package.dependencies]
tzdata = {version = "*", markers = "platform_system == \"Windows\""}

[package.extras]
devenv = ["check-manifest", "pytest (>=4.3)", "pytest-cov", "pytest-mock (>=3.3)", "zest.releaser"]

[[package]]
name = "win32-setctime"
version = "1.2.0"
description = "A small Python utility to set file creation time on Windows"
optional = false
python-versions = ">=3.5"
groups = ["main"]
markers = "sys_platform == \"win32\""
files = [
    {file = "win32_setctime-1.2.0-py3-none-any.whl", hash = "sha256:95d644c4e708aba81dc3704a116d8cbc974d70b3bdb8be1d150e36be6e9d1390"},
    {file = "win32_setctime-1.2.0.tar.gz", hash = "sha256:ae1fdf948f5640aae05c511ade119313fb6a30d7eabe25fef9764dca5873c4c0"},
]

[package.extras]
dev = ["black (>=19.3b0) ; python_version >= \"3.6\"", "pytest (>=4.6.2)"]

[metadata]
lock-version = "2.1"
python-versions = ">=3.11,<3.13"
content-hash = "e4ca73807aed646cf3bbf31ed6859d61920541b2b6c6e517e1c06afb1d295068"
